
Microsoft Visual Studio Solution File, Format Version 12.00
# Visual Studio Version 17
VisualStudioVersion = 17.13.35931.197 d17.13
MinimumVisualStudioVersion = 10.0.40219.1
Project("{FAE04EC0-301F-11D3-BF4B-00C04F79EFBC}") = "CUW_SISMED", "CUW_SISMED.csproj", "{59B95510-7C5B-4F48-922D-F43FA6DFBA24}"
EndProject
Global
	GlobalSection(SolutionConfigurationPlatforms) = preSolution
		Debug|Any CPU = Debug|Any CPU
		Release|Any CPU = Release|Any CPU
	EndGlobalSection
	GlobalSection(ProjectConfigurationPlatforms) = postSolution
		{59B95510-7C5B-4F48-922D-F43FA6DFBA24}.Debug|Any CPU.ActiveCfg = Debug|Any CPU
		{59B95510-7C5B-4F48-922D-F43FA6DFBA24}.Debug|Any CPU.Build.0 = Debug|Any CPU
		{59B95510-7C5B-4F48-922D-F43FA6DFBA24}.Release|Any CPU.ActiveCfg = Release|Any CPU
		{59B95510-7C5B-4F48-922D-F43FA6DFBA24}.Release|Any CPU.Build.0 = Release|Any CPU
	EndGlobalSection
	GlobalSection(SolutionProperties) = preSolution
		HideSolutionNode = FALSE
	EndGlobalSection
	GlobalSection(ExtensibilityGlobals) = postSolution
		SolutionGuid = {A8FC82EC-81E2-415A-A561-20278C34C227}
	EndGlobalSection
EndGlobal
